
Microsoft Visual Studio Solution File, Format Version 12.00
# Visual Studio Version 16
VisualStudioVersion = 16.0.32630.194
MinimumVisualStudioVersion = 10.0.40219.1
Project("{FAE04EC0-301F-11D3-BF4B-00C04F79EFBC}") = "Isogram", "Isogram\Isogram.csproj", "{36AA5272-7CE4-4D86-8FFD-C516B2A81D41}"
EndProject
Global
	GlobalSection(SolutionConfigurationPlatforms) = preSolution
		Debug|Any CPU = Debug|Any CPU
		Release|Any CPU = Release|Any CPU
	EndGlobalSection
	GlobalSection(ProjectConfigurationPlatforms) = postSolution
		{36AA5272-7CE4-4D86-8FFD-C516B2A81D41}.Debug|Any CPU.ActiveCfg = Debug|Any CPU
		{36AA5272-7CE4-4D86-8FFD-C516B2A81D41}.Debug|Any CPU.Build.0 = Debug|Any CPU
		{36AA5272-7CE4-4D86-8FFD-C516B2A81D41}.Release|Any CPU.ActiveCfg = Release|Any CPU
		{36AA5272-7CE4-4D86-8FFD-C516B2A81D41}.Release|Any CPU.Build.0 = Release|Any CPU
	EndGlobalSection
	GlobalSection(SolutionProperties) = preSolution
		HideSolutionNode = FALSE
	EndGlobalSection
	GlobalSection(ExtensibilityGlobals) = postSolution
		SolutionGuid = {142EA57E-D0AC-43EB-B523-E527B7388975}
	EndGlobalSection
EndGlobal
